
Microsoft Visual Studio Solution File, Format Version 12.00
# Visual Studio Version 16
VisualStudioVersion = 16.0.30503.244
MinimumVisualStudioVersion = 10.0.40219.1
Project("{FAE04EC0-301F-11D3-BF4B-00C04F79EFBC}") = "WebApp", "WebApp.csproj", "{42E59F8E-38F4-42F4-AB88-9D3D2AA0F09E}"
EndProject
Global
	GlobalSection(SolutionConfigurationPlatforms) = preSolution
		Debug|Any CPU = Debug|Any CPU
		Release|Any CPU = Release|Any CPU
	EndGlobalSection
	GlobalSection(ProjectConfigurationPlatforms) = postSolution
		{42E59F8E-38F4-42F4-AB88-9D3D2AA0F09E}.Debug|Any CPU.ActiveCfg = Debug|Any CPU
		{42E59F8E-38F4-42F4-AB88-9D3D2AA0F09E}.Debug|Any CPU.Build.0 = Debug|Any CPU
		{42E59F8E-38F4-42F4-AB88-9D3D2AA0F09E}.Release|Any CPU.ActiveCfg = Release|Any CPU
		{42E59F8E-38F4-42F4-AB88-9D3D2AA0F09E}.Release|Any CPU.Build.0 = Release|Any CPU
	EndGlobalSection
	GlobalSection(SolutionProperties) = preSolution
		HideSolutionNode = FALSE
	EndGlobalSection
	GlobalSection(ExtensibilityGlobals) = postSolution
		SolutionGuid = {1397EE12-82D1-41C2-AC28-EFC5CDB8D884}
	EndGlobalSection
EndGlobal
